<?xml version="1.0" encoding="utf-8"?>
<Project ToolsVersion="4.0" xmlns="http://schemas.microsoft.com/developer/msbuild/2003">
  <ItemGroup>
    <Filter Include="소스 파일">
      <UniqueIdentifier>{4FC737F1-C7A5-4376-A066-2A32D752A2FF}</UniqueIdentifier>
      <Extensions>cpp;c;cc;cxx;c++;cppm;ixx;def;odl;idl;hpj;bat;asm;asmx</Extensions>
    </Filter>
    <Filter Include="헤더 파일">
      <UniqueIdentifier>{93995380-89BD-4b04-88EB-625FBE52EBFB}</UniqueIdentifier>
      <Extensions>h;hh;hpp;hxx;h++;hm;inl;inc;ipp;xsd</Extensions>
    </Filter>
    <Filter Include="리소스 파일">
      <UniqueIdentifier>{67DA6AB6-F800-4c08-8B7A-83BB121AAD01}</UniqueIdentifier>
      <Extensions>rc;ico;cur;bmp;dlg;rc2;rct;bin;rgs;gif;jpg;jpeg;jpe;resx;tiff;tif;png;wav;mfcribbon-ms</Extensions>
    </Filter>
    <Filter Include="소스 파일\입출력과 사칙연산">
      <UniqueIdentifier>{5f0d7e5e-38f4-44c2-9138-39ae86d2b1d8}</UniqueIdentifier>
    </Filter>
    <Filter Include="소스 파일\if문">
      <UniqueIdentifier>{5d28412f-861f-4196-b8ef-feb8e67e9b79}</UniqueIdentifier>
    </Filter>
    <Filter Include="소스 파일\for문">
      <UniqueIdentifier>{06e918ed-dbac-4de9-8b4a-a0e0638ddacb}</UniqueIdentifier>
    </Filter>
    <Filter Include="소스 파일\while문">
      <UniqueIdentifier>{1d8185fc-48c0-48cb-96f3-ac66f54c7215}</UniqueIdentifier>
    </Filter>
    <Filter Include="소스 파일\1차원 배열">
      <UniqueIdentifier>{4d23c7ed-7e66-4b2e-97df-334a059c4b4d}</UniqueIdentifier>
    </Filter>
    <Filter Include="소스 파일\함수">
      <UniqueIdentifier>{993d4e31-8204-430a-8bf0-d2e3fc1f48af}</UniqueIdentifier>
    </Filter>
    <Filter Include="소스 파일\문자열">
      <UniqueIdentifier>{dd721b85-3015-4c5c-bca7-909436970a03}</UniqueIdentifier>
    </Filter>
    <Filter Include="소스 파일\기본 수학1">
      <UniqueIdentifier>{dc27e6d2-3bbd-40b0-a1c1-738b65da34ea}</UniqueIdentifier>
    </Filter>
  </ItemGroup>
  <ItemGroup>
    <ClCompile Include="입출력과 사칙연산\1000.c">
      <Filter>소스 파일\입출력과 사칙연산</Filter>
    </ClCompile>
    <ClCompile Include="입출력과 사칙연산\2257.c">
      <Filter>소스 파일\입출력과 사칙연산</Filter>
    </ClCompile>
    <ClCompile Include="입출력과 사칙연산\10171.c">
      <Filter>소스 파일\입출력과 사칙연산</Filter>
    </ClCompile>
    <ClCompile Include="입출력과 사칙연산\10172.c">
      <Filter>소스 파일\입출력과 사칙연산</Filter>
    </ClCompile>
    <ClCompile Include="입출력과 사칙연산\10718.c">
      <Filter>소스 파일\입출력과 사칙연산</Filter>
    </ClCompile>
    <ClCompile Include="if문\1330.c">
      <Filter>소스 파일\if문</Filter>
    </ClCompile>
    <ClCompile Include="입출력과 사칙연산\1001.c">
      <Filter>소스 파일\입출력과 사칙연산</Filter>
    </ClCompile>
    <ClCompile Include="입출력과 사칙연산\10998.c">
      <Filter>소스 파일\입출력과 사칙연산</Filter>
    </ClCompile>
    <ClCompile Include="입출력과 사칙연산\1008.c">
      <Filter>소스 파일\입출력과 사칙연산</Filter>
    </ClCompile>
    <ClCompile Include="입출력과 사칙연산\10869.c">
      <Filter>소스 파일\입출력과 사칙연산</Filter>
    </ClCompile>
    <ClCompile Include="입출력과 사칙연산\10430.c">
      <Filter>소스 파일\입출력과 사칙연산</Filter>
    </ClCompile>
    <ClCompile Include="입출력과 사칙연산\2588.c">
      <Filter>소스 파일\입출력과 사칙연산</Filter>
    </ClCompile>
    <ClCompile Include="if문\9498.c">
      <Filter>소스 파일\if문</Filter>
    </ClCompile>
    <ClCompile Include="if문\2753.c">
      <Filter>소스 파일\if문</Filter>
    </ClCompile>
    <ClCompile Include="if문\14681.c">
      <Filter>소스 파일\if문</Filter>
    </ClCompile>
    <ClCompile Include="if문\2884.c">
      <Filter>소스 파일\if문</Filter>
    </ClCompile>
    <ClCompile Include="for문\2739.c">
      <Filter>소스 파일\for문</Filter>
    </ClCompile>
    <ClCompile Include="for문\10950.c">
      <Filter>소스 파일\for문</Filter>
    </ClCompile>
    <ClCompile Include="for문\8393.c">
      <Filter>소스 파일\for문</Filter>
    </ClCompile>
    <ClCompile Include="for문\15552.c">
      <Filter>소스 파일\for문</Filter>
    </ClCompile>
    <ClCompile Include="for문\2741.c">
      <Filter>소스 파일\for문</Filter>
    </ClCompile>
    <ClCompile Include="for문\2742.c">
      <Filter>소스 파일\for문</Filter>
    </ClCompile>
    <ClCompile Include="for문\11021.c">
      <Filter>소스 파일\for문</Filter>
    </ClCompile>
    <ClCompile Include="for문\11022.c">
      <Filter>소스 파일\for문</Filter>
    </ClCompile>
    <ClCompile Include="for문\2438.c">
      <Filter>소스 파일\for문</Filter>
    </ClCompile>
    <ClCompile Include="for문\2439.c">
      <Filter>소스 파일\for문</Filter>
    </ClCompile>
    <ClCompile Include="for문\10871.c">
      <Filter>소스 파일\for문</Filter>
    </ClCompile>
    <ClCompile Include="while문\10592.c">
      <Filter>소스 파일\while문</Filter>
    </ClCompile>
    <ClCompile Include="while문\10591.c">
      <Filter>소스 파일\while문</Filter>
    </ClCompile>
    <ClCompile Include="while문\1110.c">
      <Filter>소스 파일\while문</Filter>
    </ClCompile>
    <ClCompile Include="1차원 배열\10818.c">
      <Filter>소스 파일\1차원 배열</Filter>
    </ClCompile>
    <ClCompile Include="1차원 배열\2562.c">
      <Filter>소스 파일\1차원 배열</Filter>
    </ClCompile>
    <ClCompile Include="1차원 배열\2577.c">
      <Filter>소스 파일\1차원 배열</Filter>
    </ClCompile>
    <ClCompile Include="1차원 배열\3052.c">
      <Filter>소스 파일\1차원 배열</Filter>
    </ClCompile>
    <ClCompile Include="1차원 배열\1546.c">
      <Filter>소스 파일\1차원 배열</Filter>
    </ClCompile>
    <ClCompile Include="1차원 배열\8958.c">
      <Filter>소스 파일\1차원 배열</Filter>
    </ClCompile>
    <ClCompile Include="1차원 배열\4344.c">
      <Filter>소스 파일\1차원 배열</Filter>
    </ClCompile>
    <ClCompile Include="함수\15596.c">
      <Filter>소스 파일\함수</Filter>
    </ClCompile>
    <ClCompile Include="함수\4673.c">
      <Filter>소스 파일\함수</Filter>
    </ClCompile>
    <ClCompile Include="함수\1065.c">
      <Filter>소스 파일\함수</Filter>
    </ClCompile>
    <ClCompile Include="문자열\11654.c">
      <Filter>소스 파일\문자열</Filter>
    </ClCompile>
    <ClCompile Include="문자열\11720.c">
      <Filter>소스 파일\문자열</Filter>
    </ClCompile>
    <ClCompile Include="문자열\10809.c">
      <Filter>소스 파일\문자열</Filter>
    </ClCompile>
    <ClCompile Include="문자열\2675.c">
      <Filter>소스 파일\문자열</Filter>
    </ClCompile>
    <ClCompile Include="문자열\1157.c">
      <Filter>소스 파일\문자열</Filter>
    </ClCompile>
    <ClCompile Include="문자열\1152.c">
      <Filter>소스 파일\문자열</Filter>
    </ClCompile>
    <ClCompile Include="문자열\2908.c">
      <Filter>소스 파일\문자열</Filter>
    </ClCompile>
    <ClCompile Include="문자열\5622.c">
      <Filter>소스 파일\문자열</Filter>
    </ClCompile>
    <ClCompile Include="문자열\2941.c">
      <Filter>소스 파일\문자열</Filter>
    </ClCompile>
    <ClCompile Include="문자열\1316.c">
      <Filter>소스 파일\문자열</Filter>
    </ClCompile>
    <ClCompile Include="기본 수학 1\1193.c">
      <Filter>소스 파일\기본 수학1</Filter>
    </ClCompile>
    <ClCompile Include="기본 수학 1\1712.c">
      <Filter>소스 파일\기본 수학1</Filter>
    </ClCompile>
    <ClCompile Include="기본 수학 1\2292.c">
      <Filter>소스 파일\기본 수학1</Filter>
    </ClCompile>
    <ClCompile Include="기본 수학 1\2775.c">
      <Filter>소스 파일\기본 수학1</Filter>
    </ClCompile>
    <ClCompile Include="기본 수학 1\2839.c">
      <Filter>소스 파일\기본 수학1</Filter>
    </ClCompile>
    <ClCompile Include="기본 수학 1\2869.c">
      <Filter>소스 파일\기본 수학1</Filter>
    </ClCompile>
    <ClCompile Include="기본 수학 1\10250.c">
      <Filter>소스 파일\기본 수학1</Filter>
    </ClCompile>
    <ClCompile Include="10757.c">
      <Filter>소스 파일\기본 수학1</Filter>
    </ClCompile>
    <ClCompile Include="기본 수학 1\1011.c">
      <Filter>소스 파일\기본 수학1</Filter>
    </ClCompile>
  </ItemGroup>
</Project>